
Microsoft Visual Studio Solution File, Format Version 12.00
# Visual Studio Version 17
VisualStudioVersion = 17.7.34018.315
MinimumVisualStudioVersion = 10.0.40219.1
Project("{FAE04EC0-301F-11D3-BF4B-00C04F79EFBC}") = "startup", "startup\startup.csproj", "{E572B312-883C-4187-A8EB-49E08474DC1A}"
EndProject
Global
	GlobalSection(SolutionConfigurationPlatforms) = preSolution
		Debug|Any CPU = Debug|Any CPU
		Release|Any CPU = Release|Any CPU
	EndGlobalSection
	GlobalSection(ProjectConfigurationPlatforms) = postSolution
		{E572B312-883C-4187-A8EB-49E08474DC1A}.Debug|Any CPU.ActiveCfg = Debug|Any CPU
		{E572B312-883C-4187-A8EB-49E08474DC1A}.Debug|Any CPU.Build.0 = Debug|Any CPU
		{E572B312-883C-4187-A8EB-49E08474DC1A}.Release|Any CPU.ActiveCfg = Release|Any CPU
		{E572B312-883C-4187-A8EB-49E08474DC1A}.Release|Any CPU.Build.0 = Release|Any CPU
	EndGlobalSection
	GlobalSection(SolutionProperties) = preSolution
		HideSolutionNode = FALSE
	EndGlobalSection
	GlobalSection(ExtensibilityGlobals) = postSolution
		SolutionGuid = {38B22DA8-C66E-4B54-B620-280C88498DED}
	EndGlobalSection
EndGlobal
